// !$*UTF8*$!
{
	archiveVersion = 1;
	classes = {
	};
	objectVersion = 50;
	objects = {

/* Begin PBXBuildFile section */
		334C23B121A0448500BC16C0 /* Transactions.swift in Sources */ = {isa = PBXBuildFile; fileRef = 334C23B021A0448500BC16C0 /* Transactions.swift */; };
		334C23B321A0449300BC16C0 /* Balance.swift in Sources */ = {isa = PBXBuildFile; fileRef = 334C23B221A0449300BC16C0 /* Balance.swift */; };
		334C23B521A0633300BC16C0 /* DoubleUtility.swift in Sources */ = {isa = PBXBuildFile; fileRef = 334C23B421A0633300BC16C0 /* DoubleUtility.swift */; };
		334C23B821A063BF00BC16C0 /* DateUtility.swift in Sources */ = {isa = PBXBuildFile; fileRef = 334C23B721A063BF00BC16C0 /* DateUtility.swift */; };
		334C23BC21A078ED00BC16C0 /* DateManager.swift in Sources */ = {isa = PBXBuildFile; fileRef = 334C23BB21A078ED00BC16C0 /* DateManager.swift */; };
		334C23BE21A1938A00BC16C0 /* Configuration.swift in Sources */ = {isa = PBXBuildFile; fileRef = 334C23BD21A1938A00BC16C0 /* Configuration.swift */; };
		334C23C021A19F6F00BC16C0 /* Merchant.swift in Sources */ = {isa = PBXBuildFile; fileRef = 334C23BF21A19F6F00BC16C0 /* Merchant.swift */; };
		334C23C221A19F8700BC16C0 /* Address.swift in Sources */ = {isa = PBXBuildFile; fileRef = 334C23C121A19F8700BC16C0 /* Address.swift */; };
		334C23C621A1A68B00BC16C0 /* TabViewController.swift in Sources */ = {isa = PBXBuildFile; fileRef = 334C23C521A1A68B00BC16C0 /* TabViewController.swift */; };
		334C23C821A1AAD600BC16C0 /* DetailedTransactionViewController.swift in Sources */ = {isa = PBXBuildFile; fileRef = 334C23C721A1AAD600BC16C0 /* DetailedTransactionViewController.swift */; };
		334C23CB21A1B92D00BC16C0 /* StringUtility.swift in Sources */ = {isa = PBXBuildFile; fileRef = 334C23CA21A1B92D00BC16C0 /* StringUtility.swift */; };
		334C23CD21A1CF0C00BC16C0 /* User.swift in Sources */ = {isa = PBXBuildFile; fileRef = 334C23CC21A1CF0C00BC16C0 /* User.swift */; };
		33C0DD5C21A361AD00DB9262 /* AddMoneyViewController.swift in Sources */ = {isa = PBXBuildFile; fileRef = 33C0DD5B21A361AD00DB9262 /* AddMoneyViewController.swift */; };
		33C0DD5E21A4CAF500DB9262 /* UIImageUtility.swift in Sources */ = {isa = PBXBuildFile; fileRef = 33C0DD5D21A4CAF500DB9262 /* UIImageUtility.swift */; };
		6904CD46217DD0050009642A /* AppDelegate.swift in Sources */ = {isa = PBXBuildFile; fileRef = 6904CD45217DD0050009642A /* AppDelegate.swift */; };
		6904CD48217DD0050009642A /* HomeViewController.swift in Sources */ = {isa = PBXBuildFile; fileRef = 6904CD47217DD0050009642A /* HomeViewController.swift */; };
		6904CD4A217DD0050009642A /* CardViewController.swift in Sources */ = {isa = PBXBuildFile; fileRef = 6904CD49217DD0050009642A /* CardViewController.swift */; };
		6904CD4D217DD0050009642A /* Main.storyboard in Resources */ = {isa = PBXBuildFile; fileRef = 6904CD4B217DD0050009642A /* Main.storyboard */; };
		6904CD4F217DD0060009642A /* Assets.xcassets in Resources */ = {isa = PBXBuildFile; fileRef = 6904CD4E217DD0060009642A /* Assets.xcassets */; };
		6904CD5D217DD0060009642A /* ios_exerciseTests.swift in Sources */ = {isa = PBXBuildFile; fileRef = 6904CD5C217DD0060009642A /* ios_exerciseTests.swift */; };
		6904CD68217DD0060009642A /* ios_exerciseUITests.swift in Sources */ = {isa = PBXBuildFile; fileRef = 6904CD67217DD0060009642A /* ios_exerciseUITests.swift */; };
		699A5C36217DE18900F5C4E5 /* ExerciseLaunchScreen.storyboard in Resources */ = {isa = PBXBuildFile; fileRef = 699A5C35217DE18900F5C4E5 /* ExerciseLaunchScreen.storyboard */; };
		69B92F5B217E28E6007A75C1 /* TransactionTableViewCell.swift in Sources */ = {isa = PBXBuildFile; fileRef = 69B92F5A217E28E6007A75C1 /* TransactionTableViewCell.swift */; };
		F40DDE419324FB035492950E /* libPods-ios-exercise.a in Frameworks */ = {isa = PBXBuildFile; fileRef = 135B284AD8AC9374663479F3 /* libPods-ios-exercise.a */; };
/* End PBXBuildFile section */

/* Begin PBXContainerItemProxy section */
		6904CD59217DD0060009642A /* PBXContainerItemProxy */ = {
			isa = PBXContainerItemProxy;
			containerPortal = 6904CD3A217DD0050009642A /* Project object */;
			proxyType = 1;
			remoteGlobalIDString = 6904CD41217DD0050009642A;
			remoteInfo = "ios-exercise";
		};
		6904CD64217DD0060009642A /* PBXContainerItemProxy */ = {
			isa = PBXContainerItemProxy;
			containerPortal = 6904CD3A217DD0050009642A /* Project object */;
			proxyType = 1;
			remoteGlobalIDString = 6904CD41217DD0050009642A;
			remoteInfo = "ios-exercise";
		};
/* End PBXContainerItemProxy section */

/* Begin PBXFileReference section */
		135B284AD8AC9374663479F3 /* libPods-ios-exercise.a */ = {isa = PBXFileReference; explicitFileType = archive.ar; includeInIndex = 0; path = "libPods-ios-exercise.a"; sourceTree = BUILT_PRODUCTS_DIR; };
		334C23B021A0448500BC16C0 /* Transactions.swift */ = {isa = PBXFileReference; lastKnownFileType = sourcecode.swift; path = Transactions.swift; sourceTree = "<group>"; };
		334C23B221A0449300BC16C0 /* Balance.swift */ = {isa = PBXFileReference; lastKnownFileType = sourcecode.swift; path = Balance.swift; sourceTree = "<group>"; };
		334C23B421A0633300BC16C0 /* DoubleUtility.swift */ = {isa = PBXFileReference; lastKnownFileType = sourcecode.swift; path = DoubleUtility.swift; sourceTree = "<group>"; };
		334C23B721A063BF00BC16C0 /* DateUtility.swift */ = {isa = PBXFileReference; lastKnownFileType = sourcecode.swift; path = DateUtility.swift; sourceTree = "<group>"; };
		334C23BB21A078ED00BC16C0 /* DateManager.swift */ = {isa = PBXFileReference; lastKnownFileType = sourcecode.swift; path = DateManager.swift; sourceTree = "<group>"; };
		334C23BD21A1938A00BC16C0 /* Configuration.swift */ = {isa = PBXFileReference; lastKnownFileType = sourcecode.swift; path = Configuration.swift; sourceTree = "<group>"; };
		334C23BF21A19F6F00BC16C0 /* Merchant.swift */ = {isa = PBXFileReference; lastKnownFileType = sourcecode.swift; path = Merchant.swift; sourceTree = "<group>"; };
		334C23C121A19F8700BC16C0 /* Address.swift */ = {isa = PBXFileReference; lastKnownFileType = sourcecode.swift; path = Address.swift; sourceTree = "<group>"; };
		334C23C521A1A68B00BC16C0 /* TabViewController.swift */ = {isa = PBXFileReference; lastKnownFileType = sourcecode.swift; path = TabViewController.swift; sourceTree = "<group>"; };
		334C23C721A1AAD600BC16C0 /* DetailedTransactionViewController.swift */ = {isa = PBXFileReference; lastKnownFileType = sourcecode.swift; path = DetailedTransactionViewController.swift; sourceTree = "<group>"; };
		334C23CA21A1B92D00BC16C0 /* StringUtility.swift */ = {isa = PBXFileReference; lastKnownFileType = sourcecode.swift; path = StringUtility.swift; sourceTree = "<group>"; };
		334C23CC21A1CF0C00BC16C0 /* User.swift */ = {isa = PBXFileReference; lastKnownFileType = sourcecode.swift; path = User.swift; sourceTree = "<group>"; };
		33C0DD5B21A361AD00DB9262 /* AddMoneyViewController.swift */ = {isa = PBXFileReference; lastKnownFileType = sourcecode.swift; path = AddMoneyViewController.swift; sourceTree = "<group>"; };
		33C0DD5D21A4CAF500DB9262 /* UIImageUtility.swift */ = {isa = PBXFileReference; lastKnownFileType = sourcecode.swift; path = UIImageUtility.swift; sourceTree = "<group>"; };
		6904CD42217DD0050009642A /* ios-exercise.app */ = {isa = PBXFileReference; explicitFileType = wrapper.application; includeInIndex = 0; path = "ios-exercise.app"; sourceTree = BUILT_PRODUCTS_DIR; };
		6904CD45217DD0050009642A /* AppDelegate.swift */ = {isa = PBXFileReference; lastKnownFileType = sourcecode.swift; path = AppDelegate.swift; sourceTree = "<group>"; };
		6904CD47217DD0050009642A /* HomeViewController.swift */ = {isa = PBXFileReference; lastKnownFileType = sourcecode.swift; path = HomeViewController.swift; sourceTree = "<group>"; };
		6904CD49217DD0050009642A /* CardViewController.swift */ = {isa = PBXFileReference; lastKnownFileType = sourcecode.swift; path = CardViewController.swift; sourceTree = "<group>"; };
		6904CD4C217DD0050009642A /* Base */ = {isa = PBXFileReference; lastKnownFileType = file.storyboard; name = Base; path = Base.lproj/Main.storyboard; sourceTree = "<group>"; };
		6904CD4E217DD0060009642A /* Assets.xcassets */ = {isa = PBXFileReference; lastKnownFileType = folder.assetcatalog; path = Assets.xcassets; sourceTree = "<group>"; };
		6904CD53217DD0060009642A /* Info.plist */ = {isa = PBXFileReference; lastKnownFileType = text.plist.xml; path = Info.plist; sourceTree = "<group>"; };
		6904CD58217DD0060009642A /* ios-exerciseTests.xctest */ = {isa = PBXFileReference; explicitFileType = wrapper.cfbundle; includeInIndex = 0; path = "ios-exerciseTests.xctest"; sourceTree = BUILT_PRODUCTS_DIR; };
		6904CD5C217DD0060009642A /* ios_exerciseTests.swift */ = {isa = PBXFileReference; lastKnownFileType = sourcecode.swift; path = ios_exerciseTests.swift; sourceTree = "<group>"; };
		6904CD5E217DD0060009642A /* Info.plist */ = {isa = PBXFileReference; lastKnownFileType = text.plist.xml; path = Info.plist; sourceTree = "<group>"; };
		6904CD63217DD0060009642A /* ios-exerciseUITests.xctest */ = {isa = PBXFileReference; explicitFileType = wrapper.cfbundle; includeInIndex = 0; path = "ios-exerciseUITests.xctest"; sourceTree = BUILT_PRODUCTS_DIR; };
		6904CD67217DD0060009642A /* ios_exerciseUITests.swift */ = {isa = PBXFileReference; lastKnownFileType = sourcecode.swift; path = ios_exerciseUITests.swift; sourceTree = "<group>"; };
		6904CD69217DD0060009642A /* Info.plist */ = {isa = PBXFileReference; lastKnownFileType = text.plist.xml; path = Info.plist; sourceTree = "<group>"; };
		699A5C35217DE18900F5C4E5 /* ExerciseLaunchScreen.storyboard */ = {isa = PBXFileReference; lastKnownFileType = file.storyboard; path = ExerciseLaunchScreen.storyboard; sourceTree = "<group>"; };
		69B92F5A217E28E6007A75C1 /* TransactionTableViewCell.swift */ = {isa = PBXFileReference; lastKnownFileType = sourcecode.swift; path = TransactionTableViewCell.swift; sourceTree = "<group>"; };
		8B4D284B9BC3B334592D6C3F /* Pods-ios-exercise.release.xcconfig */ = {isa = PBXFileReference; includeInIndex = 1; lastKnownFileType = text.xcconfig; name = "Pods-ios-exercise.release.xcconfig"; path = "Pods/Target Support Files/Pods-ios-exercise/Pods-ios-exercise.release.xcconfig"; sourceTree = "<group>"; };
		B3F06BC755F1D8C3CFF647EF /* Pods-ios-exercise.debug.xcconfig */ = {isa = PBXFileReference; includeInIndex = 1; lastKnownFileType = text.xcconfig; name = "Pods-ios-exercise.debug.xcconfig"; path = "Pods/Target Support Files/Pods-ios-exercise/Pods-ios-exercise.debug.xcconfig"; sourceTree = "<group>"; };
/* End PBXFileReference section */

/* Begin PBXFrameworksBuildPhase section */
		6904CD3F217DD0050009642A /* Frameworks */ = {
			isa = PBXFrameworksBuildPhase;
			buildActionMask = 2147483647;
			files = (
				F40DDE419324FB035492950E /* libPods-ios-exercise.a in Frameworks */,
			);
			runOnlyForDeploymentPostprocessing = 0;
		};
		6904CD55217DD0060009642A /* Frameworks */ = {
			isa = PBXFrameworksBuildPhase;
			buildActionMask = 2147483647;
			files = (
			);
			runOnlyForDeploymentPostprocessing = 0;
		};
		6904CD60217DD0060009642A /* Frameworks */ = {
			isa = PBXFrameworksBuildPhase;
			buildActionMask = 2147483647;
			files = (
			);
			runOnlyForDeploymentPostprocessing = 0;
		};
/* End PBXFrameworksBuildPhase section */

/* Begin PBXGroup section */
		334C23AF21A0447300BC16C0 /* Data Types */ = {
			isa = PBXGroup;
			children = (
				334C23B021A0448500BC16C0 /* Transactions.swift */,
				334C23B221A0449300BC16C0 /* Balance.swift */,
				334C23BF21A19F6F00BC16C0 /* Merchant.swift */,
				334C23C121A19F8700BC16C0 /* Address.swift */,
				334C23CC21A1CF0C00BC16C0 /* User.swift */,
			);
			path = "Data Types";
			sourceTree = "<group>";
		};
		334C23B621A0639400BC16C0 /* Utils */ = {
			isa = PBXGroup;
			children = (
				334C23B421A0633300BC16C0 /* DoubleUtility.swift */,
				334C23B721A063BF00BC16C0 /* DateUtility.swift */,
				334C23CA21A1B92D00BC16C0 /* StringUtility.swift */,
				33C0DD5D21A4CAF500DB9262 /* UIImageUtility.swift */,
			);
			path = Utils;
			sourceTree = "<group>";
		};
		334C23C321A1A41000BC16C0 /* View Controllers */ = {
			isa = PBXGroup;
			children = (
				334C23C521A1A68B00BC16C0 /* TabViewController.swift */,
				6904CD47217DD0050009642A /* HomeViewController.swift */,
				6904CD49217DD0050009642A /* CardViewController.swift */,
				334C23C721A1AAD600BC16C0 /* DetailedTransactionViewController.swift */,
				33C0DD5B21A361AD00DB9262 /* AddMoneyViewController.swift */,
			);
			path = "View Controllers";
			sourceTree = "<group>";
		};
		334C23C421A1A42D00BC16C0 /* Managers */ = {
			isa = PBXGroup;
			children = (
				334C23BB21A078ED00BC16C0 /* DateManager.swift */,
			);
			path = Managers;
			sourceTree = "<group>";
		};
		334C23C921A1B79500BC16C0 /* Configuration */ = {
			isa = PBXGroup;
			children = (
				334C23BD21A1938A00BC16C0 /* Configuration.swift */,
			);
			path = Configuration;
			sourceTree = "<group>";
		};
		4DD13903DE7B326EF453E3A9 /* Frameworks */ = {
			isa = PBXGroup;
			children = (
				135B284AD8AC9374663479F3 /* libPods-ios-exercise.a */,
			);
			name = Frameworks;
			sourceTree = "<group>";
		};
		6904CD39217DD0050009642A = {
			isa = PBXGroup;
			children = (
				6904CD44217DD0050009642A /* ios-exercise */,
				6904CD5B217DD0060009642A /* ios-exerciseTests */,
				6904CD66217DD0060009642A /* ios-exerciseUITests */,
				6904CD43217DD0050009642A /* Products */,
				F087D400AF597A0B49AFFBB4 /* Pods */,
				4DD13903DE7B326EF453E3A9 /* Frameworks */,
			);
			sourceTree = "<group>";
		};
		6904CD43217DD0050009642A /* Products */ = {
			isa = PBXGroup;
			children = (
				6904CD42217DD0050009642A /* ios-exercise.app */,
				6904CD58217DD0060009642A /* ios-exerciseTests.xctest */,
				6904CD63217DD0060009642A /* ios-exerciseUITests.xctest */,
			);
			name = Products;
			sourceTree = "<group>";
		};
		6904CD44217DD0050009642A /* ios-exercise */ = {
			isa = PBXGroup;
			children = (
				334C23C921A1B79500BC16C0 /* Configuration */,
				334C23C421A1A42D00BC16C0 /* Managers */,
				334C23C321A1A41000BC16C0 /* View Controllers */,
				334C23B621A0639400BC16C0 /* Utils */,
				334C23AF21A0447300BC16C0 /* Data Types */,
				6904CD45217DD0050009642A /* AppDelegate.swift */,
				6904CD4B217DD0050009642A /* Main.storyboard */,
				6904CD4E217DD0060009642A /* Assets.xcassets */,
				699A5C35217DE18900F5C4E5 /* ExerciseLaunchScreen.storyboard */,
				6904CD53217DD0060009642A /* Info.plist */,
				69B92F5A217E28E6007A75C1 /* TransactionTableViewCell.swift */,
			);
			path = "ios-exercise";
			sourceTree = "<group>";
		};
		6904CD5B217DD0060009642A /* ios-exerciseTests */ = {
			isa = PBXGroup;
			children = (
				6904CD5C217DD0060009642A /* ios_exerciseTests.swift */,
				6904CD5E217DD0060009642A /* Info.plist */,
			);
			path = "ios-exerciseTests";
			sourceTree = "<group>";
		};
		6904CD66217DD0060009642A /* ios-exerciseUITests */ = {
			isa = PBXGroup;
			children = (
				6904CD67217DD0060009642A /* ios_exerciseUITests.swift */,
				6904CD69217DD0060009642A /* Info.plist */,
			);
			path = "ios-exerciseUITests";
			sourceTree = "<group>";
		};
		F087D400AF597A0B49AFFBB4 /* Pods */ = {
			isa = PBXGroup;
			children = (
				B3F06BC755F1D8C3CFF647EF /* Pods-ios-exercise.debug.xcconfig */,
				8B4D284B9BC3B334592D6C3F /* Pods-ios-exercise.release.xcconfig */,
			);
			name = Pods;
			sourceTree = "<group>";
		};
/* End PBXGroup section */

/* Begin PBXNativeTarget section */
		6904CD41217DD0050009642A /* ios-exercise */ = {
			isa = PBXNativeTarget;
			buildConfigurationList = 6904CD6C217DD0060009642A /* Build configuration list for PBXNativeTarget "ios-exercise" */;
			buildPhases = (
				0A889BBC9EDA84C0C443261D /* [CP] Check Pods Manifest.lock */,
				6904CD3E217DD0050009642A /* Sources */,
				6904CD3F217DD0050009642A /* Frameworks */,
				6904CD40217DD0050009642A /* Resources */,
				FFF19273A3D32A657A2C6B0D /* [CP] Copy Pods Resources */,
			);
			buildRules = (
			);
			dependencies = (
			);
			name = "ios-exercise";
			productName = "ios-exercise";
			productReference = 6904CD42217DD0050009642A /* ios-exercise.app */;
			productType = "com.apple.product-type.application";
		};
		6904CD57217DD0060009642A /* ios-exerciseTests */ = {
			isa = PBXNativeTarget;
			buildConfigurationList = 6904CD6F217DD0060009642A /* Build configuration list for PBXNativeTarget "ios-exerciseTests" */;
			buildPhases = (
				6904CD54217DD0060009642A /* Sources */,
				6904CD55217DD0060009642A /* Frameworks */,
				6904CD56217DD0060009642A /* Resources */,
			);
			buildRules = (
			);
			dependencies = (
				6904CD5A217DD0060009642A /* PBXTargetDependency */,
			);
			name = "ios-exerciseTests";
			productName = "ios-exerciseTests";
			productReference = 6904CD58217DD0060009642A /* ios-exerciseTests.xctest */;
			productType = "com.apple.product-type.bundle.unit-test";
		};
		6904CD62217DD0060009642A /* ios-exerciseUITests */ = {
			isa = PBXNativeTarget;
			buildConfigurationList = 6904CD72217DD0060009642A /* Build configuration list for PBXNativeTarget "ios-exerciseUITests" */;
			buildPhases = (
				6904CD5F217DD0060009642A /* Sources */,
				6904CD60217DD0060009642A /* Frameworks */,
				6904CD61217DD0060009642A /* Resources */,
			);
			buildRules = (
			);
			dependencies = (
				6904CD65217DD0060009642A /* PBXTargetDependency */,
			);
			name = "ios-exerciseUITests";
			productName = "ios-exerciseUITests";
			productReference = 6904CD63217DD0060009642A /* ios-exerciseUITests.xctest */;
			productType = "com.apple.product-type.bundle.ui-testing";
		};
/* End PBXNativeTarget section */

/* Begin PBXProject section */
		6904CD3A217DD0050009642A /* Project object */ = {
			isa = PBXProject;
			attributes = {
				LastSwiftUpdateCheck = 0940;
				LastUpgradeCheck = 0940;
				ORGANIZATIONNAME = Daisie;
				TargetAttributes = {
					6904CD41217DD0050009642A = {
						CreatedOnToolsVersion = 9.4.1;
						LastSwiftMigration = 1010;
					};
					6904CD57217DD0060009642A = {
						CreatedOnToolsVersion = 9.4.1;
						TestTargetID = 6904CD41217DD0050009642A;
					};
					6904CD62217DD0060009642A = {
						CreatedOnToolsVersion = 9.4.1;
						TestTargetID = 6904CD41217DD0050009642A;
					};
				};
			};
			buildConfigurationList = 6904CD3D217DD0050009642A /* Build configuration list for PBXProject "ios-exercise" */;
			compatibilityVersion = "Xcode 9.3";
			developmentRegion = en;
			hasScannedForEncodings = 0;
			knownRegions = (
				en,
				Base,
			);
			mainGroup = 6904CD39217DD0050009642A;
			productRefGroup = 6904CD43217DD0050009642A /* Products */;
			projectDirPath = "";
			projectRoot = "";
			targets = (
				6904CD41217DD0050009642A /* ios-exercise */,
				6904CD57217DD0060009642A /* ios-exerciseTests */,
				6904CD62217DD0060009642A /* ios-exerciseUITests */,
			);
		};
/* End PBXProject section */

/* Begin PBXResourcesBuildPhase section */
		6904CD40217DD0050009642A /* Resources */ = {
			isa = PBXResourcesBuildPhase;
			buildActionMask = 2147483647;
			files = (
				6904CD4F217DD0060009642A /* Assets.xcassets in Resources */,
				699A5C36217DE18900F5C4E5 /* ExerciseLaunchScreen.storyboard in Resources */,
				6904CD4D217DD0050009642A /* Main.storyboard in Resources */,
			);
			runOnlyForDeploymentPostprocessing = 0;
		};
		6904CD56217DD0060009642A /* Resources */ = {
			isa = PBXResourcesBuildPhase;
			buildActionMask = 2147483647;
			files = (
			);
			runOnlyForDeploymentPostprocessing = 0;
		};
		6904CD61217DD0060009642A /* Resources */ = {
			isa = PBXResourcesBuildPhase;
			buildActionMask = 2147483647;
			files = (
			);
			runOnlyForDeploymentPostprocessing = 0;
		};
/* End PBXResourcesBuildPhase section */

/* Begin PBXShellScriptBuildPhase section */
		0A889BBC9EDA84C0C443261D /* [CP] Check Pods Manifest.lock */ = {
			isa = PBXShellScriptBuildPhase;
			buildActionMask = 2147483647;
			files = (
			);
			inputFileListPaths = (
			);
			inputPaths = (
				"${PODS_PODFILE_DIR_PATH}/Podfile.lock",
				"${PODS_ROOT}/Manifest.lock",
			);
			name = "[CP] Check Pods Manifest.lock";
			outputFileListPaths = (
			);
			outputPaths = (
				"$(DERIVED_FILE_DIR)/Pods-ios-exercise-checkManifestLockResult.txt",
			);
			runOnlyForDeploymentPostprocessing = 0;
			shellPath = /bin/sh;
			shellScript = "diff \"${PODS_PODFILE_DIR_PATH}/Podfile.lock\" \"${PODS_ROOT}/Manifest.lock\" > /dev/null\nif [ $? != 0 ] ; then\n    # print error to STDERR\n    echo \"error: The sandbox is not in sync with the Podfile.lock. Run 'pod install' or update your CocoaPods installation.\" >&2\n    exit 1\nfi\n# This output is used by Xcode 'outputs' to avoid re-running this script phase.\necho \"SUCCESS\" > \"${SCRIPT_OUTPUT_FILE_0}\"\n";
			showEnvVarsInLog = 0;
		};
		FFF19273A3D32A657A2C6B0D /* [CP] Copy Pods Resources */ = {
			isa = PBXShellScriptBuildPhase;
			buildActionMask = 2147483647;
			files = (
			);
			inputFileListPaths = (
			);
			inputPaths = (
				"${SRCROOT}/Pods/Target Support Files/Pods-ios-exercise/Pods-ios-exercise-resources.sh",
				"${PODS_ROOT}/GoogleMaps/Maps/Frameworks/GoogleMaps.framework/Resources/GoogleMaps.bundle",
			);
			name = "[CP] Copy Pods Resources";
			outputFileListPaths = (
			);
			outputPaths = (
				"${TARGET_BUILD_DIR}/${UNLOCALIZED_RESOURCES_FOLDER_PATH}/GoogleMaps.bundle",
			);
			runOnlyForDeploymentPostprocessing = 0;
			shellPath = /bin/sh;
			shellScript = "\"${SRCROOT}/Pods/Target Support Files/Pods-ios-exercise/Pods-ios-exercise-resources.sh\"\n";
			showEnvVarsInLog = 0;
		};
/* End PBXShellScriptBuildPhase section */

/* Begin PBXSourcesBuildPhase section */
		6904CD3E217DD0050009642A /* Sources */ = {
			isa = PBXSourcesBuildPhase;
			buildActionMask = 2147483647;
			files = (
				334C23B121A0448500BC16C0 /* Transactions.swift in Sources */,
				6904CD4A217DD0050009642A /* CardViewController.swift in Sources */,
				6904CD46217DD0050009642A /* AppDelegate.swift in Sources */,
				69B92F5B217E28E6007A75C1 /* TransactionTableViewCell.swift in Sources */,
				334C23CD21A1CF0C00BC16C0 /* User.swift in Sources */,
				334C23C621A1A68B00BC16C0 /* TabViewController.swift in Sources */,
				334C23B321A0449300BC16C0 /* Balance.swift in Sources */,
				6904CD48217DD0050009642A /* HomeViewController.swift in Sources */,
				33C0DD5C21A361AD00DB9262 /* AddMoneyViewController.swift in Sources */,
				334C23C221A19F8700BC16C0 /* Address.swift in Sources */,
				334C23CB21A1B92D00BC16C0 /* StringUtility.swift in Sources */,
				334C23BE21A1938A00BC16C0 /* Configuration.swift in Sources */,
				334C23C021A19F6F00BC16C0 /* Merchant.swift in Sources */,
				33C0DD5E21A4CAF500DB9262 /* UIImageUtility.swift in Sources */,
				334C23B821A063BF00BC16C0 /* DateUtility.swift in Sources */,
				334C23BC21A078ED00BC16C0 /* DateManager.swift in Sources */,
				334C23B521A0633300BC16C0 /* DoubleUtility.swift in Sources */,
				334C23C821A1AAD600BC16C0 /* DetailedTransactionViewController.swift in Sources */,
			);
			runOnlyForDeploymentPostprocessing = 0;
		};
		6904CD54217DD0060009642A /* Sources */ = {
			isa = PBXSourcesBuildPhase;
			buildActionMask = 2147483647;
			files = (
				6904CD5D217DD0060009642A /* ios_exerciseTests.swift in Sources */,
			);
			runOnlyForDeploymentPostprocessing = 0;
		};
		6904CD5F217DD0060009642A /* Sources */ = {
			isa = PBXSourcesBuildPhase;
			buildActionMask = 2147483647;
			files = (
				6904CD68217DD0060009642A /* ios_exerciseUITests.swift in Sources */,
			);
			runOnlyForDeploymentPostprocessing = 0;
		};
/* End PBXSourcesBuildPhase section */

/* Begin PBXTargetDependency section */
		6904CD5A217DD0060009642A /* PBXTargetDependency */ = {
			isa = PBXTargetDependency;
			target = 6904CD41217DD0050009642A /* ios-exercise */;
			targetProxy = 6904CD59217DD0060009642A /* PBXContainerItemProxy */;
		};
		6904CD65217DD0060009642A /* PBXTargetDependency */ = {
			isa = PBXTargetDependency;
			target = 6904CD41217DD0050009642A /* ios-exercise */;
			targetProxy = 6904CD64217DD0060009642A /* PBXContainerItemProxy */;
		};
/* End PBXTargetDependency section */

/* Begin PBXVariantGroup section */
		6904CD4B217DD0050009642A /* Main.storyboard */ = {
			isa = PBXVariantGroup;
			children = (
				6904CD4C217DD0050009642A /* Base */,
			);
			name = Main.storyboard;
			sourceTree = "<group>";
		};
/* End PBXVariantGroup section */

/* Begin XCBuildConfiguration section */
		6904CD6A217DD0060009642A /* Debug */ = {
			isa = XCBuildConfiguration;
			buildSettings = {
				ALWAYS_SEARCH_USER_PATHS = NO;
				CLANG_ANALYZER_NONNULL = YES;
				CLANG_ANALYZER_NUMBER_OBJECT_CONVERSION = YES_AGGRESSIVE;
				CLANG_CXX_LANGUAGE_STANDARD = "gnu++14";
				CLANG_CXX_LIBRARY = "libc++";
				CLANG_ENABLE_MODULES = YES;
				CLANG_ENABLE_OBJC_ARC = YES;
				CLANG_ENABLE_OBJC_WEAK = YES;
				CLANG_WARN_BLOCK_CAPTURE_AUTORELEASING = YES;
				CLANG_WARN_BOOL_CONVERSION = YES;
				CLANG_WARN_COMMA = YES;
				CLANG_WARN_CONSTANT_CONVERSION = YES;
				CLANG_WARN_DEPRECATED_OBJC_IMPLEMENTATIONS = YES;
				CLANG_WARN_DIRECT_OBJC_ISA_USAGE = YES_ERROR;
				CLANG_WARN_DOCUMENTATION_COMMENTS = YES;
				CLANG_WARN_EMPTY_BODY = YES;
				CLANG_WARN_ENUM_CONVERSION = YES;
				CLANG_WARN_INFINITE_RECURSION = YES;
				CLANG_WARN_INT_CONVERSION = YES;
				CLANG_WARN_NON_LITERAL_NULL_CONVERSION = YES;
				CLANG_WARN_OBJC_IMPLICIT_RETAIN_SELF = YES;
				CLANG_WARN_OBJC_LITERAL_CONVERSION = YES;
				CLANG_WARN_OBJC_ROOT_CLASS = YES_ERROR;
				CLANG_WARN_RANGE_LOOP_ANALYSIS = YES;
				CLANG_WARN_STRICT_PROTOTYPES = YES;
				CLANG_WARN_SUSPICIOUS_MOVE = YES;
				CLANG_WARN_UNGUARDED_AVAILABILITY = YES_AGGRESSIVE;
				CLANG_WARN_UNREACHABLE_CODE = YES;
				CLANG_WARN__DUPLICATE_METHOD_MATCH = YES;
				CODE_SIGN_IDENTITY = "iPhone Developer";
				COPY_PHASE_STRIP = NO;
				DEBUG_INFORMATION_FORMAT = dwarf;
				ENABLE_STRICT_OBJC_MSGSEND = YES;
				ENABLE_TESTABILITY = YES;
				GCC_C_LANGUAGE_STANDARD = gnu11;
				GCC_DYNAMIC_NO_PIC = NO;
				GCC_NO_COMMON_BLOCKS = YES;
				GCC_OPTIMIZATION_LEVEL = 0;
				GCC_PREPROCESSOR_DEFINITIONS = (
					"DEBUG=1",
					"$(inherited)",
				);
				GCC_WARN_64_TO_32_BIT_CONVERSION = YES;
				GCC_WARN_ABOUT_RETURN_TYPE = YES_ERROR;
				GCC_WARN_UNDECLARED_SELECTOR = YES;
				GCC_WARN_UNINITIALIZED_AUTOS = YES_AGGRESSIVE;
				GCC_WARN_UNUSED_FUNCTION = YES;
				GCC_WARN_UNUSED_VARIABLE = YES;
				IPHONEOS_DEPLOYMENT_TARGET = 11.4;
				MTL_ENABLE_DEBUG_INFO = YES;
				ONLY_ACTIVE_ARCH = YES;
				SDKROOT = iphoneos;
				SWIFT_ACTIVE_COMPILATION_CONDITIONS = DEBUG;
				SWIFT_OPTIMIZATION_LEVEL = "-Onone";
			};
			name = Debug;
		};
		6904CD6B217DD0060009642A /* Release */ = {
			isa = XCBuildConfiguration;
			buildSettings = {
				ALWAYS_SEARCH_USER_PATHS = NO;
				CLANG_ANALYZER_NONNULL = YES;
				CLANG_ANALYZER_NUMBER_OBJECT_CONVERSION = YES_AGGRESSIVE;
				CLANG_CXX_LANGUAGE_STANDARD = "gnu++14";
				CLANG_CXX_LIBRARY = "libc++";
				CLANG_ENABLE_MODULES = YES;
				CLANG_ENABLE_OBJC_ARC = YES;
				CLANG_ENABLE_OBJC_WEAK = YES;
				CLANG_WARN_BLOCK_CAPTURE_AUTORELEASING = YES;
				CLANG_WARN_BOOL_CONVERSION = YES;
				CLANG_WARN_COMMA = YES;
				CLANG_WARN_CONSTANT_CONVERSION = YES;
				CLANG_WARN_DEPRECATED_OBJC_IMPLEMENTATIONS = YES;
				CLANG_WARN_DIRECT_OBJC_ISA_USAGE = YES_ERROR;
				CLANG_WARN_DOCUMENTATION_COMMENTS = YES;
				CLANG_WARN_EMPTY_BODY = YES;
				CLANG_WARN_ENUM_CONVERSION = YES;
				CLANG_WARN_INFINITE_RECURSION = YES;
				CLANG_WARN_INT_CONVERSION = YES;
				CLANG_WARN_NON_LITERAL_NULL_CONVERSION = YES;
				CLANG_WARN_OBJC_IMPLICIT_RETAIN_SELF = YES;
				CLANG_WARN_OBJC_LITERAL_CONVERSION = YES;
				CLANG_WARN_OBJC_ROOT_CLASS = YES_ERROR;
				CLANG_WARN_RANGE_LOOP_ANALYSIS = YES;
				CLANG_WARN_STRICT_PROTOTYPES = YES;
				CLANG_WARN_SUSPICIOUS_MOVE = YES;
				CLANG_WARN_UNGUARDED_AVAILABILITY = YES_AGGRESSIVE;
				CLANG_WARN_UNREACHABLE_CODE = YES;
				CLANG_WARN__DUPLICATE_METHOD_MATCH = YES;
				CODE_SIGN_IDENTITY = "iPhone Developer";
				COPY_PHASE_STRIP = NO;
				DEBUG_INFORMATION_FORMAT = "dwarf-with-dsym";
				ENABLE_NS_ASSERTIONS = NO;
				ENABLE_STRICT_OBJC_MSGSEND = YES;
				GCC_C_LANGUAGE_STANDARD = gnu11;
				GCC_NO_COMMON_BLOCKS = YES;
				GCC_WARN_64_TO_32_BIT_CONVERSION = YES;
				GCC_WARN_ABOUT_RETURN_TYPE = YES_ERROR;
				GCC_WARN_UNDECLARED_SELECTOR = YES;
				GCC_WARN_UNINITIALIZED_AUTOS = YES_AGGRESSIVE;
				GCC_WARN_UNUSED_FUNCTION = YES;
				GCC_WARN_UNUSED_VARIABLE = YES;
				IPHONEOS_DEPLOYMENT_TARGET = 11.4;
				MTL_ENABLE_DEBUG_INFO = NO;
				SDKROOT = iphoneos;
				SWIFT_COMPILATION_MODE = wholemodule;
				SWIFT_OPTIMIZATION_LEVEL = "-O";
				VALIDATE_PRODUCT = YES;
			};
			name = Release;
		};
		6904CD6D217DD0060009642A /* Debug */ = {
			isa = XCBuildConfiguration;
			baseConfigurationReference = B3F06BC755F1D8C3CFF647EF /* Pods-ios-exercise.debug.xcconfig */;
			buildSettings = {
				ASSETCATALOG_COMPILER_APPICON_NAME = AppIcon;
				CLANG_ENABLE_MODULES = YES;
				CODE_SIGN_STYLE = Automatic;
				DEVELOPMENT_TEAM = 67A28FJD7T;
				INFOPLIST_FILE = "ios-exercise/Info.plist";
				LD_RUNPATH_SEARCH_PATHS = (
					"$(inherited)",
					"@executable_path/Frameworks",
				);
				PRODUCT_BUNDLE_IDENTIFIER = "com.daisie.ios-exercise";
				PRODUCT_NAME = "$(TARGET_NAME)";
				SWIFT_OPTIMIZATION_LEVEL = "-Onone";
				SWIFT_VERSION = 4.0;
				TARGETED_DEVICE_FAMILY = "1,2";
			};
			name = Debug;
		};
		6904CD6E217DD0060009642A /* Release */ = {
			isa = XCBuildConfiguration;
			baseConfigurationReference = 8B4D284B9BC3B334592D6C3F /* Pods-ios-exercise.release.xcconfig */;
			buildSettings = {
				ASSETCATALOG_COMPILER_APPICON_NAME = AppIcon;
				CLANG_ENABLE_MODULES = YES;
				CODE_SIGN_STYLE = Automatic;
				DEVELOPMENT_TEAM = 67A28FJD7T;
				INFOPLIST_FILE = "ios-exercise/Info.plist";
				LD_RUNPATH_SEARCH_PATHS = (
					"$(inherited)",
					"@executable_path/Frameworks",
				);
				PRODUCT_BUNDLE_IDENTIFIER = "com.daisie.ios-exercise";
				PRODUCT_NAME = "$(TARGET_NAME)";
				SWIFT_VERSION = 4.0;
				TARGETED_DEVICE_FAMILY = "1,2";
			};
			name = Release;
		};
		6904CD70217DD0060009642A /* Debug */ = {
			isa = XCBuildConfiguration;
			buildSettings = {
				ALWAYS_EMBED_SWIFT_STANDARD_LIBRARIES = YES;
				BUNDLE_LOADER = "$(TEST_HOST)";
				CODE_SIGN_STYLE = Automatic;
				INFOPLIST_FILE = "ios-exerciseTests/Info.plist";
				LD_RUNPATH_SEARCH_PATHS = (
					"$(inherited)",
					"@executable_path/Frameworks",
					"@loader_path/Frameworks",
				);
				PRODUCT_BUNDLE_IDENTIFIER = "com.daisie.ios-exerciseTests";
				PRODUCT_NAME = "$(TARGET_NAME)";
				SWIFT_VERSION = 4.0;
				TARGETED_DEVICE_FAMILY = "1,2";
				TEST_HOST = "$(BUILT_PRODUCTS_DIR)/ios-exercise.app/ios-exercise";
			};
			name = Debug;
		};
		6904CD71217DD0060009642A /* Release */ = {
			isa = XCBuildConfiguration;
			buildSettings = {
				ALWAYS_EMBED_SWIFT_STANDARD_LIBRARIES = YES;
				BUNDLE_LOADER = "$(TEST_HOST)";
				CODE_SIGN_STYLE = Automatic;
				INFOPLIST_FILE = "ios-exerciseTests/Info.plist";
				LD_RUNPATH_SEARCH_PATHS = (
					"$(inherited)",
					"@executable_path/Frameworks",
					"@loader_path/Frameworks",
				);
				PRODUCT_BUNDLE_IDENTIFIER = "com.daisie.ios-exerciseTests";
				PRODUCT_NAME = "$(TARGET_NAME)";
				SWIFT_VERSION = 4.0;
				TARGETED_DEVICE_FAMILY = "1,2";
				TEST_HOST = "$(BUILT_PRODUCTS_DIR)/ios-exercise.app/ios-exercise";
			};
			name = Release;
		};
		6904CD73217DD0060009642A /* Debug */ = {
			isa = XCBuildConfiguration;
			buildSettings = {
				ALWAYS_EMBED_SWIFT_STANDARD_LIBRARIES = YES;
				CODE_SIGN_STYLE = Automatic;
				INFOPLIST_FILE = "ios-exerciseUITests/Info.plist";
				LD_RUNPATH_SEARCH_PATHS = (
					"$(inherited)",
					"@executable_path/Frameworks",
					"@loader_path/Frameworks",
				);
				PRODUCT_BUNDLE_IDENTIFIER = "com.daisie.ios-exerciseUITests";
				PRODUCT_NAME = "$(TARGET_NAME)";
				SWIFT_VERSION = 4.0;
				TARGETED_DEVICE_FAMILY = "1,2";
				TEST_TARGET_NAME = "ios-exercise";
			};
			name = Debug;
		};
		6904CD74217DD0060009642A /* Release */ = {
			isa = XCBuildConfiguration;
			buildSettings = {
				ALWAYS_EMBED_SWIFT_STANDARD_LIBRARIES = YES;
				CODE_SIGN_STYLE = Automatic;
				INFOPLIST_FILE = "ios-exerciseUITests/Info.plist";
				LD_RUNPATH_SEARCH_PATHS = (
					"$(inherited)",
					"@executable_path/Frameworks",
					"@loader_path/Frameworks",
				);
				PRODUCT_BUNDLE_IDENTIFIER = "com.daisie.ios-exerciseUITests";
				PRODUCT_NAME = "$(TARGET_NAME)";
				SWIFT_VERSION = 4.0;
				TARGETED_DEVICE_FAMILY = "1,2";
				TEST_TARGET_NAME = "ios-exercise";
			};
			name = Release;
		};
/* End XCBuildConfiguration section */

/* Begin XCConfigurationList section */
		6904CD3D217DD0050009642A /* Build configuration list for PBXProject "ios-exercise" */ = {
			isa = XCConfigurationList;
			buildConfigurations = (
				6904CD6A217DD0060009642A /* Debug */,
				6904CD6B217DD0060009642A /* Release */,
			);
			defaultConfigurationIsVisible = 0;
			defaultConfigurationName = Release;
		};
		6904CD6C217DD0060009642A /* Build configuration list for PBXNativeTarget "ios-exercise" */ = {
			isa = XCConfigurationList;
			buildConfigurations = (
				6904CD6D217DD0060009642A /* Debug */,
				6904CD6E217DD0060009642A /* Release */,
			);
			defaultConfigurationIsVisible = 0;
			defaultConfigurationName = Release;
		};
		6904CD6F217DD0060009642A /* Build configuration list for PBXNativeTarget "ios-exerciseTests" */ = {
			isa = XCConfigurationList;
			buildConfigurations = (
				6904CD70217DD0060009642A /* Debug */,
				6904CD71217DD0060009642A /* Release */,
			);
			defaultConfigurationIsVisible = 0;
			defaultConfigurationName = Release;
		};
		6904CD72217DD0060009642A /* Build configuration list for PBXNativeTarget "ios-exerciseUITests" */ = {
			isa = XCConfigurationList;
			buildConfigurations = (
				6904CD73217DD0060009642A /* Debug */,
				6904CD74217DD0060009642A /* Release */,
			);
			defaultConfigurationIsVisible = 0;
			defaultConfigurationName = Release;
		};
/* End XCConfigurationList section */
	};
	rootObject = 6904CD3A217DD0050009642A /* Project object */;
}
